// !$*UTF8*$!
{
	archiveVersion = 1;
	classes = {
	};
	objectVersion = 77;
	objects = {

/* Begin PBXContainerItemProxy section */
		10668EBB2EA84B5A00EE2159 /* PBXContainerItemProxy */ = {
			isa = PBXContainerItemProxy;
			containerPortal = 10668EA52EA84B5800EE2159 /* Project object */;
			proxyType = 1;
			remoteGlobalIDString = 10668EAC2EA84B5800EE2159;
			remoteInfo = Munchkin;
		};
		10668EC52EA84B5A00EE2159 /* PBXContainerItemProxy */ = {
			isa = PBXContainerItemProxy;
			containerPortal = 10668EA52EA84B5800EE2159 /* Project object */;
			proxyType = 1;
			remoteGlobalIDString = 10668EAC2EA84B5800EE2159;
			remoteInfo = Munchkin;
		};
/* End PBXContainerItemProxy section */

/* Begin PBXFileReference section */
		10668EAD2EA84B5800EE2159 /* Munchkin.app */ = {isa = PBXFileReference; explicitFileType = wrapper.application; includeInIndex = 0; path = Munchkin.app; sourceTree = BUILT_PRODUCTS_DIR; };
		10668EBA2EA84B5A00EE2159 /* MunchkinTests.xctest */ = {isa = PBXFileReference; explicitFileType = wrapper.cfbundle; includeInIndex = 0; path = MunchkinTests.xctest; sourceTree = BUILT_PRODUCTS_DIR; };
		10668EC42EA84B5A00EE2159 /* MunchkinUITests.xctest */ = {isa = PBXFileReference; explicitFileType = wrapper.cfbundle; includeInIndex = 0; path = MunchkinUITests.xctest; sourceTree = BUILT_PRODUCTS_DIR; };
/* End PBXFileReference section */

/* Begin PBXFileSystemSynchronizedRootGroup section */
		10668EAF2EA84B5800EE2159 /* Munchkin */ = {
			isa = PBXFileSystemSynchronizedRootGroup;
			path = Munchkin;
			sourceTree = "<group>";
		};
		10668EBD2EA84B5A00EE2159 /* MunchkinTests */ = {
			isa = PBXFileSystemSynchronizedRootGroup;
			path = MunchkinTests;
			sourceTree = "<group>";
		};
		10668EC72EA84B5A00EE2159 /* MunchkinUITests */ = {
			isa = PBXFileSystemSynchronizedRootGroup;
			path = MunchkinUITests;
			sourceTree = "<group>";
		};
/* End PBXFileSystemSynchronizedRootGroup section */

/* Begin PBXFrameworksBuildPhase section */
		10668EAA2EA84B5800EE2159 /* Frameworks */ = {
			isa = PBXFrameworksBuildPhase;
			buildActionMask = 2147483647;
			files = (
			);
			runOnlyForDeploymentPostprocessing = 0;
		};
		10668EB72EA84B5A00EE2159 /* Frameworks */ = {
			isa = PBXFrameworksBuildPhase;
			buildActionMask = 2147483647;
			files = (
			);
			runOnlyForDeploymentPostprocessing = 0;
		};
		10668EC12EA84B5A00EE2159 /* Frameworks */ = {
			isa = PBXFrameworksBuildPhase;
			buildActionMask = 2147483647;
			files = (
			);
			runOnlyForDeploymentPostprocessing = 0;
		};
/* End PBXFrameworksBuildPhase section */

/* Begin PBXGroup section */
		10668EA42EA84B5800EE2159 = {
			isa = PBXGroup;
			children = (
				10668EAF2EA84B5800EE2159 /* Munchkin */,
				10668EBD2EA84B5A00EE2159 /* MunchkinTests */,
				10668EC72EA84B5A00EE2159 /* MunchkinUITests */,
				10668EAE2EA84B5800EE2159 /* Products */,
			);
			sourceTree = "<group>";
		};
		10668EAE2EA84B5800EE2159 /* Products */ = {
			isa = PBXGroup;
			children = (
				10668EAD2EA84B5800EE2159 /* Munchkin.app */,
				10668EBA2EA84B5A00EE2159 /* MunchkinTests.xctest */,
				10668EC42EA84B5A00EE2159 /* MunchkinUITests.xctest */,
			);
			name = Products;
			sourceTree = "<group>";
		};
/* End PBXGroup section */

/* Begin PBXNativeTarget section */
		10668EAC2EA84B5800EE2159 /* Munchkin */ = {
			isa = PBXNativeTarget;
			buildConfigurationList = 10668ECE2EA84B5A00EE2159 /* Build configuration list for PBXNativeTarget "Munchkin" */;
			buildPhases = (
				10668EA92EA84B5800EE2159 /* Sources */,
				10668EAA2EA84B5800EE2159 /* Frameworks */,
				10668EAB2EA84B5800EE2159 /* Resources */,
			);
			buildRules = (
			);
			dependencies = (
			);
			fileSystemSynchronizedGroups = (
				10668EAF2EA84B5800EE2159 /* Munchkin */,
			);
			name = Munchkin;
			packageProductDependencies = (
			);
			productName = Munchkin;
			productReference = 10668EAD2EA84B5800EE2159 /* Munchkin.app */;
			productType = "com.apple.product-type.application";
		};
		10668EB92EA84B5A00EE2159 /* MunchkinTests */ = {
			isa = PBXNativeTarget;
			buildConfigurationList = 10668ED12EA84B5A00EE2159 /* Build configuration list for PBXNativeTarget "MunchkinTests" */;
			buildPhases = (
				10668EB62EA84B5A00EE2159 /* Sources */,
				10668EB72EA84B5A00EE2159 /* Frameworks */,
				10668EB82EA84B5A00EE2159 /* Resources */,
			);
			buildRules = (
			);
			dependencies = (
				10668EBC2EA84B5A00EE2159 /* PBXTargetDependency */,
			);
			fileSystemSynchronizedGroups = (
				10668EBD2EA84B5A00EE2159 /* MunchkinTests */,
			);
			name = MunchkinTests;
			packageProductDependencies = (
			);
			productName = MunchkinTests;
			productReference = 10668EBA2EA84B5A00EE2159 /* MunchkinTests.xctest */;
			productType = "com.apple.product-type.bundle.unit-test";
		};
		10668EC32EA84B5A00EE2159 /* MunchkinUITests */ = {
			isa = PBXNativeTarget;
			buildConfigurationList = 10668ED42EA84B5A00EE2159 /* Build configuration list for PBXNativeTarget "MunchkinUITests" */;
			buildPhases = (
				10668EC02EA84B5A00EE2159 /* Sources */,
				10668EC12EA84B5A00EE2159 /* Frameworks */,
				10668EC22EA84B5A00EE2159 /* Resources */,
			);
			buildRules = (
			);
			dependencies = (
				10668EC62EA84B5A00EE2159 /* PBXTargetDependency */,
			);
			fileSystemSynchronizedGroups = (
				10668EC72EA84B5A00EE2159 /* MunchkinUITests */,
			);
			name = MunchkinUITests;
			packageProductDependencies = (
			);
			productName = MunchkinUITests;
			productReference = 10668EC42EA84B5A00EE2159 /* MunchkinUITests.xctest */;
			productType = "com.apple.product-type.bundle.ui-testing";
		};
/* End PBXNativeTarget section */

/* Begin PBXProject section */
		10668EA52EA84B5800EE2159 /* Project object */ = {
			isa = PBXProject;
			attributes = {
				BuildIndependentTargetsInParallel = 1;
				LastSwiftUpdateCheck = 2600;
				LastUpgradeCheck = 2600;
				TargetAttributes = {
					10668EAC2EA84B5800EE2159 = {
						CreatedOnToolsVersion = 26.0.1;
					};
					10668EB92EA84B5A00EE2159 = {
						CreatedOnToolsVersion = 26.0.1;
						TestTargetID = 10668EAC2EA84B5800EE2159;
					};
					10668EC32EA84B5A00EE2159 = {
						CreatedOnToolsVersion = 26.0.1;
						TestTargetID = 10668EAC2EA84B5800EE2159;
					};
				};
			};
			buildConfigurationList = 10668EA82EA84B5800EE2159 /* Build configuration list for PBXProject "Munchkin" */;
			developmentRegion = en;
			hasScannedForEncodings = 0;
			knownRegions = (
				en,
				Base,
			);
			mainGroup = 10668EA42EA84B5800EE2159;
			minimizedProjectReferenceProxies = 1;
			preferredProjectObjectVersion = 77;
			productRefGroup = 10668EAE2EA84B5800EE2159 /* Products */;
			projectDirPath = "";
			projectRoot = "";
			targets = (
				10668EAC2EA84B5800EE2159 /* Munchkin */,
				10668EB92EA84B5A00EE2159 /* MunchkinTests */,
				10668EC32EA84B5A00EE2159 /* MunchkinUITests */,
			);
		};
/* End PBXProject section */

/* Begin PBXResourcesBuildPhase section */
		10668EAB2EA84B5800EE2159 /* Resources */ = {
			isa = PBXResourcesBuildPhase;
			buildActionMask = 2147483647;
			files = (
			);
			runOnlyForDeploymentPostprocessing = 0;
		};
		10668EB82EA84B5A00EE2159 /* Resources */ = {
			isa = PBXResourcesBuildPhase;
			buildActionMask = 2147483647;
			files = (
			);
			runOnlyForDeploymentPostprocessing = 0;
		};
		10668EC22EA84B5A00EE2159 /* Resources */ = {
			isa = PBXResourcesBuildPhase;
			buildActionMask = 2147483647;
			files = (
			);
			runOnlyForDeploymentPostprocessing = 0;
		};
/* End PBXResourcesBuildPhase section */

/* Begin PBXSourcesBuildPhase section */
		10668EA92EA84B5800EE2159 /* Sources */ = {
			isa = PBXSourcesBuildPhase;
			buildActionMask = 2147483647;
			files = (
			);
			runOnlyForDeploymentPostprocessing = 0;
		};
		10668EB62EA84B5A00EE2159 /* Sources */ = {
			isa = PBXSourcesBuildPhase;
			buildActionMask = 2147483647;
			files = (
			);
			runOnlyForDeploymentPostprocessing = 0;
		};
		10668EC02EA84B5A00EE2159 /* Sources */ = {
			isa = PBXSourcesBuildPhase;
			buildActionMask = 2147483647;
			files = (
			);
			runOnlyForDeploymentPostprocessing = 0;
		};
/* End PBXSourcesBuildPhase section */

/* Begin PBXTargetDependency section */
		10668EBC2EA84B5A00EE2159 /* PBXTargetDependency */ = {
			isa = PBXTargetDependency;
			target = 10668EAC2EA84B5800EE2159 /* Munchkin */;
			targetProxy = 10668EBB2EA84B5A00EE2159 /* PBXContainerItemProxy */;
		};
		10668EC62EA84B5A00EE2159 /* PBXTargetDependency */ = {
			isa = PBXTargetDependency;
			target = 10668EAC2EA84B5800EE2159 /* Munchkin */;
			targetProxy = 10668EC52EA84B5A00EE2159 /* PBXContainerItemProxy */;
		};
/* End PBXTargetDependency section */

/* Begin XCBuildConfiguration section */
		10668ECC2EA84B5A00EE2159 /* Debug */ = {
			isa = XCBuildConfiguration;
			buildSettings = {
				ALWAYS_SEARCH_USER_PATHS = NO;
				ASSETCATALOG_COMPILER_GENERATE_SWIFT_ASSET_SYMBOL_EXTENSIONS = YES;
				CLANG_ANALYZER_NONNULL = YES;
				CLANG_ANALYZER_NUMBER_OBJECT_CONVERSION = YES_AGGRESSIVE;
				CLANG_CXX_LANGUAGE_STANDARD = "gnu++20";
				CLANG_ENABLE_MODULES = YES;
				CLANG_ENABLE_OBJC_ARC = YES;
				CLANG_ENABLE_OBJC_WEAK = YES;
				CLANG_WARN_BLOCK_CAPTURE_AUTORELEASING = YES;
				CLANG_WARN_BOOL_CONVERSION = YES;
				CLANG_WARN_COMMA = YES;
				CLANG_WARN_CONSTANT_CONVERSION = YES;
				CLANG_WARN_DEPRECATED_OBJC_IMPLEMENTATIONS = YES;
				CLANG_WARN_DIRECT_OBJC_ISA_USAGE = YES_ERROR;
				CLANG_WARN_DOCUMENTATION_COMMENTS = YES;
				CLANG_WARN_EMPTY_BODY = YES;
				CLANG_WARN_ENUM_CONVERSION = YES;
				CLANG_WARN_INFINITE_RECURSION = YES;
				CLANG_WARN_INT_CONVERSION = YES;
				CLANG_WARN_NON_LITERAL_NULL_CONVERSION = YES;
				CLANG_WARN_OBJC_IMPLICIT_RETAIN_SELF = YES;
				CLANG_WARN_OBJC_LITERAL_CONVERSION = YES;
				CLANG_WARN_OBJC_ROOT_CLASS = YES_ERROR;
				CLANG_WARN_QUOTED_INCLUDE_IN_FRAMEWORK_HEADER = YES;
				CLANG_WARN_RANGE_LOOP_ANALYSIS = YES;
				CLANG_WARN_STRICT_PROTOTYPES = YES;
				CLANG_WARN_SUSPICIOUS_MOVE = YES;
				CLANG_WARN_UNGUARDED_AVAILABILITY = YES_AGGRESSIVE;
				CLANG_WARN_UNREACHABLE_CODE = YES;
				CLANG_WARN__DUPLICATE_METHOD_MATCH = YES;
				COPY_PHASE_STRIP = NO;
				DEBUG_INFORMATION_FORMAT = dwarf;
				DEVELOPMENT_TEAM = XBT2YA7N8N;
				ENABLE_STRICT_OBJC_MSGSEND = YES;
				ENABLE_TESTABILITY = YES;
				ENABLE_USER_SCRIPT_SANDBOXING = YES;
				GCC_C_LANGUAGE_STANDARD = gnu17;
				GCC_DYNAMIC_NO_PIC = NO;
				GCC_NO_COMMON_BLOCKS = YES;
				GCC_OPTIMIZATION_LEVEL = 0;
				GCC_PREPROCESSOR_DEFINITIONS = (
					"DEBUG=1",
					"$(inherited)",
				);
				GCC_WARN_64_TO_32_BIT_CONVERSION = YES;
				GCC_WARN_ABOUT_RETURN_TYPE = YES_ERROR;
				GCC_WARN_UNDECLARED_SELECTOR = YES;
				GCC_WARN_UNINITIALIZED_AUTOS = YES_AGGRESSIVE;
				GCC_WARN_UNUSED_FUNCTION = YES;
				GCC_WARN_UNUSED_VARIABLE = YES;
				LOCALIZATION_PREFERS_STRING_CATALOGS = YES;
				MACOSX_DEPLOYMENT_TARGET = 26.0;
				MTL_ENABLE_DEBUG_INFO = INCLUDE_SOURCE;
				MTL_FAST_MATH = YES;
				ONLY_ACTIVE_ARCH = YES;
				SDKROOT = macosx;
				SWIFT_ACTIVE_COMPILATION_CONDITIONS = "DEBUG $(inherited)";
				SWIFT_OPTIMIZATION_LEVEL = "-Onone";
			};
			name = Debug;
		};
		10668ECD2EA84B5A00EE2159 /* Release */ = {
			isa = XCBuildConfiguration;
			buildSettings = {
				ALWAYS_SEARCH_USER_PATHS = NO;
				ASSETCATALOG_COMPILER_GENERATE_SWIFT_ASSET_SYMBOL_EXTENSIONS = YES;
				CLANG_ANALYZER_NONNULL = YES;
				CLANG_ANALYZER_NUMBER_OBJECT_CONVERSION = YES_AGGRESSIVE;
				CLANG_CXX_LANGUAGE_STANDARD = "gnu++20";
				CLANG_ENABLE_MODULES = YES;
				CLANG_ENABLE_OBJC_ARC = YES;
				CLANG_ENABLE_OBJC_WEAK = YES;
				CLANG_WARN_BLOCK_CAPTURE_AUTORELEASING = YES;
				CLANG_WARN_BOOL_CONVERSION = YES;
				CLANG_WARN_COMMA = YES;
				CLANG_WARN_CONSTANT_CONVERSION = YES;
				CLANG_WARN_DEPRECATED_OBJC_IMPLEMENTATIONS = YES;
				CLANG_WARN_DIRECT_OBJC_ISA_USAGE = YES_ERROR;
				CLANG_WARN_DOCUMENTATION_COMMENTS = YES;
				CLANG_WARN_EMPTY_BODY = YES;
				CLANG_WARN_ENUM_CONVERSION = YES;
				CLANG_WARN_INFINITE_RECURSION = YES;
				CLANG_WARN_INT_CONVERSION = YES;
				CLANG_WARN_NON_LITERAL_NULL_CONVERSION = YES;
				CLANG_WARN_OBJC_IMPLICIT_RETAIN_SELF = YES;
				CLANG_WARN_OBJC_LITERAL_CONVERSION = YES;
				CLANG_WARN_OBJC_ROOT_CLASS = YES_ERROR;
				CLANG_WARN_QUOTED_INCLUDE_IN_FRAMEWORK_HEADER = YES;
				CLANG_WARN_RANGE_LOOP_ANALYSIS = YES;
				CLANG_WARN_STRICT_PROTOTYPES = YES;
				CLANG_WARN_SUSPICIOUS_MOVE = YES;
				CLANG_WARN_UNGUARDED_AVAILABILITY = YES_AGGRESSIVE;
				CLANG_WARN_UNREACHABLE_CODE = YES;
				CLANG_WARN__DUPLICATE_METHOD_MATCH = YES;
				COPY_PHASE_STRIP = NO;
				DEBUG_INFORMATION_FORMAT = "dwarf-with-dsym";
				DEVELOPMENT_TEAM = XBT2YA7N8N;
				ENABLE_NS_ASSERTIONS = NO;
				ENABLE_STRICT_OBJC_MSGSEND = YES;
				ENABLE_USER_SCRIPT_SANDBOXING = YES;
				GCC_C_LANGUAGE_STANDARD = gnu17;
				GCC_NO_COMMON_BLOCKS = YES;
				GCC_WARN_64_TO_32_BIT_CONVERSION = YES;
				GCC_WARN_ABOUT_RETURN_TYPE = YES_ERROR;
				GCC_WARN_UNDECLARED_SELECTOR = YES;
				GCC_WARN_UNINITIALIZED_AUTOS = YES_AGGRESSIVE;
				GCC_WARN_UNUSED_FUNCTION = YES;
				GCC_WARN_UNUSED_VARIABLE = YES;
				LOCALIZATION_PREFERS_STRING_CATALOGS = YES;
				MACOSX_DEPLOYMENT_TARGET = 26.0;
				MTL_ENABLE_DEBUG_INFO = NO;
				MTL_FAST_MATH = YES;
				SDKROOT = macosx;
				SWIFT_COMPILATION_MODE = wholemodule;
			};
			name = Release;
		};
		10668ECF2EA84B5A00EE2159 /* Debug */ = {
			isa = XCBuildConfiguration;
			buildSettings = {
				ASSETCATALOG_COMPILER_APPICON_NAME = AppIcon;
				ASSETCATALOG_COMPILER_GLOBAL_ACCENT_COLOR_NAME = AccentColor;
				CODE_SIGN_STYLE = Automatic;
				COMBINE_HIDPI_IMAGES = YES;
				CURRENT_PROJECT_VERSION = 1;
				DEVELOPMENT_TEAM = XBT2YA7N8N;
				ENABLE_APP_SANDBOX = NO;
				ENABLE_HARDENED_RUNTIME = YES;
				ENABLE_PREVIEWS = YES;
				GENERATE_INFOPLIST_FILE = YES;
				INFOPLIST_KEY_NSHumanReadableCopyright = "";
				LD_RUNPATH_SEARCH_PATHS = (
					"$(inherited)",
					"@executable_path/../Frameworks",
				);
				MARKETING_VERSION = 1.0;
				PRODUCT_BUNDLE_IDENTIFIER = com.kalki.Munchkin;
				PRODUCT_NAME = "$(TARGET_NAME)";
				REGISTER_APP_GROUPS = YES;
				STRING_CATALOG_GENERATE_SYMBOLS = YES;
				SWIFT_APPROACHABLE_CONCURRENCY = YES;
				SWIFT_DEFAULT_ACTOR_ISOLATION = MainActor;
				SWIFT_EMIT_LOC_STRINGS = YES;
				SWIFT_UPCOMING_FEATURE_MEMBER_IMPORT_VISIBILITY = YES;
				SWIFT_VERSION = 5.0;
			};
			name = Debug;
		};
		10668ED02EA84B5A00EE2159 /* Release */ = {
			isa = XCBuildConfiguration;
			buildSettings = {
				ASSETCATALOG_COMPILER_APPICON_NAME = AppIcon;
				ASSETCATALOG_COMPILER_GLOBAL_ACCENT_COLOR_NAME = AccentColor;
				CODE_SIGN_STYLE = Automatic;
				COMBINE_HIDPI_IMAGES = YES;
				CURRENT_PROJECT_VERSION = 1;
				DEVELOPMENT_TEAM = XBT2YA7N8N;
				ENABLE_APP_SANDBOX = NO;
				ENABLE_HARDENED_RUNTIME = YES;
				ENABLE_PREVIEWS = YES;
				GENERATE_INFOPLIST_FILE = YES;
				INFOPLIST_KEY_NSHumanReadableCopyright = "";
				LD_RUNPATH_SEARCH_PATHS = (
					"$(inherited)",
					"@executable_path/../Frameworks",
				);
				MARKETING_VERSION = 1.0;
				PRODUCT_BUNDLE_IDENTIFIER = com.kalki.Munchkin;
				PRODUCT_NAME = "$(TARGET_NAME)";
				REGISTER_APP_GROUPS = YES;
				STRING_CATALOG_GENERATE_SYMBOLS = YES;
				SWIFT_APPROACHABLE_CONCURRENCY = YES;
				SWIFT_DEFAULT_ACTOR_ISOLATION = MainActor;
				SWIFT_EMIT_LOC_STRINGS = YES;
				SWIFT_UPCOMING_FEATURE_MEMBER_IMPORT_VISIBILITY = YES;
				SWIFT_VERSION = 5.0;
			};
			name = Release;
		};
		10668ED22EA84B5A00EE2159 /* Debug */ = {
			isa = XCBuildConfiguration;
			buildSettings = {
				BUNDLE_LOADER = "$(TEST_HOST)";
				CODE_SIGN_STYLE = Automatic;
				CURRENT_PROJECT_VERSION = 1;
				DEVELOPMENT_TEAM = XBT2YA7N8N;
				GENERATE_INFOPLIST_FILE = YES;
				MACOSX_DEPLOYMENT_TARGET = 26.0;
				MARKETING_VERSION = 1.0;
				PRODUCT_BUNDLE_IDENTIFIER = com.kalki.MunchkinTests;
				PRODUCT_NAME = "$(TARGET_NAME)";
				STRING_CATALOG_GENERATE_SYMBOLS = NO;
				SWIFT_APPROACHABLE_CONCURRENCY = YES;
				SWIFT_EMIT_LOC_STRINGS = NO;
				SWIFT_UPCOMING_FEATURE_MEMBER_IMPORT_VISIBILITY = YES;
				SWIFT_VERSION = 5.0;
				TEST_HOST = "$(BUILT_PRODUCTS_DIR)/Munchkin.app/$(BUNDLE_EXECUTABLE_FOLDER_PATH)/Munchkin";
			};
			name = Debug;
		};
		10668ED32EA84B5A00EE2159 /* Release */ = {
			isa = XCBuildConfiguration;
			buildSettings = {
				BUNDLE_LOADER = "$(TEST_HOST)";
				CODE_SIGN_STYLE = Automatic;
				CURRENT_PROJECT_VERSION = 1;
				DEVELOPMENT_TEAM = XBT2YA7N8N;
				GENERATE_INFOPLIST_FILE = YES;
				MACOSX_DEPLOYMENT_TARGET = 26.0;
				MARKETING_VERSION = 1.0;
				PRODUCT_BUNDLE_IDENTIFIER = com.kalki.MunchkinTests;
				PRODUCT_NAME = "$(TARGET_NAME)";
				STRING_CATALOG_GENERATE_SYMBOLS = NO;
				SWIFT_APPROACHABLE_CONCURRENCY = YES;
				SWIFT_EMIT_LOC_STRINGS = NO;
				SWIFT_UPCOMING_FEATURE_MEMBER_IMPORT_VISIBILITY = YES;
				SWIFT_VERSION = 5.0;
				TEST_HOST = "$(BUILT_PRODUCTS_DIR)/Munchkin.app/$(BUNDLE_EXECUTABLE_FOLDER_PATH)/Munchkin";
			};
			name = Release;
		};
		10668ED52EA84B5A00EE2159 /* Debug */ = {
			isa = XCBuildConfiguration;
			buildSettings = {
				CODE_SIGN_STYLE = Automatic;
				CURRENT_PROJECT_VERSION = 1;
				DEVELOPMENT_TEAM = XBT2YA7N8N;
				GENERATE_INFOPLIST_FILE = YES;
				MARKETING_VERSION = 1.0;
				PRODUCT_BUNDLE_IDENTIFIER = com.kalki.MunchkinUITests;
				PRODUCT_NAME = "$(TARGET_NAME)";
				STRING_CATALOG_GENERATE_SYMBOLS = NO;
				SWIFT_APPROACHABLE_CONCURRENCY = YES;
				SWIFT_EMIT_LOC_STRINGS = NO;
				SWIFT_UPCOMING_FEATURE_MEMBER_IMPORT_VISIBILITY = YES;
				SWIFT_VERSION = 5.0;
				TEST_TARGET_NAME = Munchkin;
			};
			name = Debug;
		};
		10668ED62EA84B5A00EE2159 /* Release */ = {
			isa = XCBuildConfiguration;
			buildSettings = {
				CODE_SIGN_STYLE = Automatic;
				CURRENT_PROJECT_VERSION = 1;
				DEVELOPMENT_TEAM = XBT2YA7N8N;
				GENERATE_INFOPLIST_FILE = YES;
				MARKETING_VERSION = 1.0;
				PRODUCT_BUNDLE_IDENTIFIER = com.kalki.MunchkinUITests;
				PRODUCT_NAME = "$(TARGET_NAME)";
				STRING_CATALOG_GENERATE_SYMBOLS = NO;
				SWIFT_APPROACHABLE_CONCURRENCY = YES;
				SWIFT_EMIT_LOC_STRINGS = NO;
				SWIFT_UPCOMING_FEATURE_MEMBER_IMPORT_VISIBILITY = YES;
				SWIFT_VERSION = 5.0;
				TEST_TARGET_NAME = Munchkin;
			};
			name = Release;
		};
/* End XCBuildConfiguration section */

/* Begin XCConfigurationList section */
		10668EA82EA84B5800EE2159 /* Build configuration list for PBXProject "Munchkin" */ = {
			isa = XCConfigurationList;
			buildConfigurations = (
				10668ECC2EA84B5A00EE2159 /* Debug */,
				10668ECD2EA84B5A00EE2159 /* Release */,
			);
			defaultConfigurationIsVisible = 0;
			defaultConfigurationName = Release;
		};
		10668ECE2EA84B5A00EE2159 /* Build configuration list for PBXNativeTarget "Munchkin" */ = {
			isa = XCConfigurationList;
			buildConfigurations = (
				10668ECF2EA84B5A00EE2159 /* Debug */,
				10668ED02EA84B5A00EE2159 /* Release */,
			);
			defaultConfigurationIsVisible = 0;
			defaultConfigurationName = Release;
		};
		10668ED12EA84B5A00EE2159 /* Build configuration list for PBXNativeTarget "MunchkinTests" */ = {
			isa = XCConfigurationList;
			buildConfigurations = (
				10668ED22EA84B5A00EE2159 /* Debug */,
				10668ED32EA84B5A00EE2159 /* Release */,
			);
			defaultConfigurationIsVisible = 0;
			defaultConfigurationName = Release;
		};
		10668ED42EA84B5A00EE2159 /* Build configuration list for PBXNativeTarget "MunchkinUITests" */ = {
			isa = XCConfigurationList;
			buildConfigurations = (
				10668ED52EA84B5A00EE2159 /* Debug */,
				10668ED62EA84B5A00EE2159 /* Release */,
			);
			defaultConfigurationIsVisible = 0;
			defaultConfigurationName = Release;
		};
/* End XCConfigurationList section */
	};
	rootObject = 10668EA52EA84B5800EE2159 /* Project object */;
}
